
Microsoft Visual Studio Solution File, Format Version 12.00
# Visual Studio Version 16
VisualStudioVersion = 16.0.30406.217
MinimumVisualStudioVersion = 10.0.40219.1
Project("{FAE04EC0-301F-11D3-BF4B-00C04F79EFBC}") = "SpringFowardFallBack08132020", "SpringFowardFallBack08132020.csproj", "{3721177C-2D5B-4937-ABFA-AA0FDF103997}"
EndProject
Global
	GlobalSection(SolutionConfigurationPlatforms) = preSolution
		Debug|Any CPU = Debug|Any CPU
		Release|Any CPU = Release|Any CPU
	EndGlobalSection
	GlobalSection(ProjectConfigurationPlatforms) = postSolution
		{3721177C-2D5B-4937-ABFA-AA0FDF103997}.Debug|Any CPU.ActiveCfg = Debug|Any CPU
		{3721177C-2D5B-4937-ABFA-AA0FDF103997}.Debug|Any CPU.Build.0 = Debug|Any CPU
		{3721177C-2D5B-4937-ABFA-AA0FDF103997}.Release|Any CPU.ActiveCfg = Release|Any CPU
		{3721177C-2D5B-4937-ABFA-AA0FDF103997}.Release|Any CPU.Build.0 = Release|Any CPU
	EndGlobalSection
	GlobalSection(SolutionProperties) = preSolution
		HideSolutionNode = FALSE
	EndGlobalSection
	GlobalSection(ExtensibilityGlobals) = postSolution
		SolutionGuid = {639C3B3C-AE9E-474F-B970-559C27C16F8C}
	EndGlobalSection
EndGlobal
